// !$*UTF8*$!
{
	archiveVersion = 1;
	classes = {
	};
	objectVersion = 56;
	objects = {

/* Begin PBXBuildFile section */
		131AC5C12CB9ED7B00E5CEC0 /* DailyStrideApp.swift in Sources */ = {isa = PBXBuildFile; fileRef = 131AC5C02CB9ED7B00E5CEC0 /* DailyStrideApp.swift */; };
		131AC5C32CB9ED7B00E5CEC0 /* QuoteView.swift in Sources */ = {isa = PBXBuildFile; fileRef = 131AC5C22CB9ED7B00E5CEC0 /* QuoteView.swift */; };
		131AC5C52CB9ED7E00E5CEC0 /* Assets.xcassets in Resources */ = {isa = PBXBuildFile; fileRef = 131AC5C42CB9ED7E00E5CEC0 /* Assets.xcassets */; };
		131AC5C82CB9ED7E00E5CEC0 /* Preview Assets.xcassets in Resources */ = {isa = PBXBuildFile; fileRef = 131AC5C72CB9ED7E00E5CEC0 /* Preview Assets.xcassets */; };
		131AC5D32CB9EF3400E5CEC0 /* Quote.swift in Sources */ = {isa = PBXBuildFile; fileRef = 131AC5D22CB9EF3400E5CEC0 /* Quote.swift */; };
		131AC5D82CC186B400E5CEC0 /* QuoteService.swift in Sources */ = {isa = PBXBuildFile; fileRef = 131AC5D72CC186B400E5CEC0 /* QuoteService.swift */; };
		131AC5DA2CC18B7C00E5CEC0 /* QuoteViewModel.swift in Sources */ = {isa = PBXBuildFile; fileRef = 131AC5D92CC18B7C00E5CEC0 /* QuoteViewModel.swift */; };
/* End PBXBuildFile section */

/* Begin PBXFileReference section */
		131AC5BD2CB9ED7B00E5CEC0 /* DailyStride.app */ = {isa = PBXFileReference; explicitFileType = wrapper.application; includeInIndex = 0; path = DailyStride.app; sourceTree = BUILT_PRODUCTS_DIR; };
		131AC5C02CB9ED7B00E5CEC0 /* DailyStrideApp.swift */ = {isa = PBXFileReference; lastKnownFileType = sourcecode.swift; path = DailyStrideApp.swift; sourceTree = "<group>"; };
		131AC5C22CB9ED7B00E5CEC0 /* QuoteView.swift */ = {isa = PBXFileReference; lastKnownFileType = sourcecode.swift; path = QuoteView.swift; sourceTree = "<group>"; };
		131AC5C42CB9ED7E00E5CEC0 /* Assets.xcassets */ = {isa = PBXFileReference; lastKnownFileType = folder.assetcatalog; path = Assets.xcassets; sourceTree = "<group>"; };
		131AC5C72CB9ED7E00E5CEC0 /* Preview Assets.xcassets */ = {isa = PBXFileReference; lastKnownFileType = folder.assetcatalog; path = "Preview Assets.xcassets"; sourceTree = "<group>"; };
		131AC5D22CB9EF3400E5CEC0 /* Quote.swift */ = {isa = PBXFileReference; lastKnownFileType = sourcecode.swift; path = Quote.swift; sourceTree = "<group>"; };
		131AC5D72CC186B400E5CEC0 /* QuoteService.swift */ = {isa = PBXFileReference; lastKnownFileType = sourcecode.swift; path = QuoteService.swift; sourceTree = "<group>"; };
		131AC5D92CC18B7C00E5CEC0 /* QuoteViewModel.swift */ = {isa = PBXFileReference; lastKnownFileType = sourcecode.swift; path = QuoteViewModel.swift; sourceTree = "<group>"; };
/* End PBXFileReference section */

/* Begin PBXFrameworksBuildPhase section */
		131AC5BA2CB9ED7B00E5CEC0 /* Frameworks */ = {
			isa = PBXFrameworksBuildPhase;
			buildActionMask = 2147483647;
			files = (
			);
			runOnlyForDeploymentPostprocessing = 0;
		};
/* End PBXFrameworksBuildPhase section */

/* Begin PBXGroup section */
		131AC5B42CB9ED7B00E5CEC0 = {
			isa = PBXGroup;
			children = (
				131AC5BF2CB9ED7B00E5CEC0 /* DailyStride */,
				131AC5BE2CB9ED7B00E5CEC0 /* Products */,
			);
			sourceTree = "<group>";
		};
		131AC5BE2CB9ED7B00E5CEC0 /* Products */ = {
			isa = PBXGroup;
			children = (
				131AC5BD2CB9ED7B00E5CEC0 /* DailyStride.app */,
			);
			name = Products;
			sourceTree = "<group>";
		};
		131AC5BF2CB9ED7B00E5CEC0 /* DailyStride */ = {
			isa = PBXGroup;
			children = (
				131AC5D42CB9F62A00E5CEC0 /* Features */,
				131AC5CE2CB9EE6900E5CEC0 /* Services */,
				131AC5D62CB9F6B300E5CEC0 /* Utilities */,
				131AC5C62CB9ED7E00E5CEC0 /* Preview Content */,
			);
			path = DailyStride;
			sourceTree = "<group>";
		};
		131AC5C62CB9ED7E00E5CEC0 /* Preview Content */ = {
			isa = PBXGroup;
			children = (
				131AC5C72CB9ED7E00E5CEC0 /* Preview Assets.xcassets */,
			);
			path = "Preview Content";
			sourceTree = "<group>";
		};
		131AC5CE2CB9EE6900E5CEC0 /* Services */ = {
			isa = PBXGroup;
			children = (
				131AC5D72CC186B400E5CEC0 /* QuoteService.swift */,
			);
			path = Services;
			sourceTree = "<group>";
		};
		131AC5CF2CB9EE7300E5CEC0 /* ViewModel */ = {
			isa = PBXGroup;
			children = (
				131AC5D92CC18B7C00E5CEC0 /* QuoteViewModel.swift */,
			);
			path = ViewModel;
			sourceTree = "<group>";
		};
		131AC5D02CB9EE8100E5CEC0 /* View */ = {
			isa = PBXGroup;
			children = (
				131AC5C22CB9ED7B00E5CEC0 /* QuoteView.swift */,
			);
			path = View;
			sourceTree = "<group>";
		};
		131AC5D12CB9EE8800E5CEC0 /* Model */ = {
			isa = PBXGroup;
			children = (
				131AC5D22CB9EF3400E5CEC0 /* Quote.swift */,
			);
			path = Model;
			sourceTree = "<group>";
		};
		131AC5D42CB9F62A00E5CEC0 /* Features */ = {
			isa = PBXGroup;
			children = (
				131AC5D52CB9F64600E5CEC0 /* Quote */,
			);
			path = Features;
			sourceTree = "<group>";
		};
		131AC5D52CB9F64600E5CEC0 /* Quote */ = {
			isa = PBXGroup;
			children = (
				131AC5D12CB9EE8800E5CEC0 /* Model */,
				131AC5D02CB9EE8100E5CEC0 /* View */,
				131AC5CF2CB9EE7300E5CEC0 /* ViewModel */,
			);
			path = Quote;
			sourceTree = "<group>";
		};
		131AC5D62CB9F6B300E5CEC0 /* Utilities */ = {
			isa = PBXGroup;
			children = (
				131AC5C42CB9ED7E00E5CEC0 /* Assets.xcassets */,
				131AC5C02CB9ED7B00E5CEC0 /* DailyStrideApp.swift */,
			);
			path = Utilities;
			sourceTree = "<group>";
		};
/* End PBXGroup section */

/* Begin PBXNativeTarget section */
		131AC5BC2CB9ED7B00E5CEC0 /* DailyStride */ = {
			isa = PBXNativeTarget;
			buildConfigurationList = 131AC5CB2CB9ED7E00E5CEC0 /* Build configuration list for PBXNativeTarget "DailyStride" */;
			buildPhases = (
				131AC5B92CB9ED7B00E5CEC0 /* Sources */,
				131AC5BA2CB9ED7B00E5CEC0 /* Frameworks */,
				131AC5BB2CB9ED7B00E5CEC0 /* Resources */,
			);
			buildRules = (
			);
			dependencies = (
			);
			name = DailyStride;
			productName = DailyStride;
			productReference = 131AC5BD2CB9ED7B00E5CEC0 /* DailyStride.app */;
			productType = "com.apple.product-type.application";
		};
/* End PBXNativeTarget section */

/* Begin PBXProject section */
		131AC5B52CB9ED7B00E5CEC0 /* Project object */ = {
			isa = PBXProject;
			attributes = {
				BuildIndependentTargetsInParallel = 1;
				LastSwiftUpdateCheck = 1420;
				LastUpgradeCheck = 1420;
				TargetAttributes = {
					131AC5BC2CB9ED7B00E5CEC0 = {
						CreatedOnToolsVersion = 14.2;
					};
				};
			};
			buildConfigurationList = 131AC5B82CB9ED7B00E5CEC0 /* Build configuration list for PBXProject "DailyStride" */;
			compatibilityVersion = "Xcode 14.0";
			developmentRegion = en;
			hasScannedForEncodings = 0;
			knownRegions = (
				en,
				Base,
			);
			mainGroup = 131AC5B42CB9ED7B00E5CEC0;
			productRefGroup = 131AC5BE2CB9ED7B00E5CEC0 /* Products */;
			projectDirPath = "";
			projectRoot = "";
			targets = (
				131AC5BC2CB9ED7B00E5CEC0 /* DailyStride */,
			);
		};
/* End PBXProject section */

/* Begin PBXResourcesBuildPhase section */
		131AC5BB2CB9ED7B00E5CEC0 /* Resources */ = {
			isa = PBXResourcesBuildPhase;
			buildActionMask = 2147483647;
			files = (
				131AC5C82CB9ED7E00E5CEC0 /* Preview Assets.xcassets in Resources */,
				131AC5C52CB9ED7E00E5CEC0 /* Assets.xcassets in Resources */,
			);
			runOnlyForDeploymentPostprocessing = 0;
		};
/* End PBXResourcesBuildPhase section */

/* Begin PBXSourcesBuildPhase section */
		131AC5B92CB9ED7B00E5CEC0 /* Sources */ = {
			isa = PBXSourcesBuildPhase;
			buildActionMask = 2147483647;
			files = (
				131AC5C32CB9ED7B00E5CEC0 /* QuoteView.swift in Sources */,
				131AC5DA2CC18B7C00E5CEC0 /* QuoteViewModel.swift in Sources */,
				131AC5D82CC186B400E5CEC0 /* QuoteService.swift in Sources */,
				131AC5D32CB9EF3400E5CEC0 /* Quote.swift in Sources */,
				131AC5C12CB9ED7B00E5CEC0 /* DailyStrideApp.swift in Sources */,
			);
			runOnlyForDeploymentPostprocessing = 0;
		};
/* End PBXSourcesBuildPhase section */

/* Begin XCBuildConfiguration section */
		131AC5C92CB9ED7E00E5CEC0 /* Debug */ = {
			isa = XCBuildConfiguration;
			buildSettings = {
				ALWAYS_SEARCH_USER_PATHS = NO;
				CLANG_ANALYZER_NONNULL = YES;
				CLANG_ANALYZER_NUMBER_OBJECT_CONVERSION = YES_AGGRESSIVE;
				CLANG_CXX_LANGUAGE_STANDARD = "gnu++20";
				CLANG_ENABLE_MODULES = YES;
				CLANG_ENABLE_OBJC_ARC = YES;
				CLANG_ENABLE_OBJC_WEAK = YES;
				CLANG_WARN_BLOCK_CAPTURE_AUTORELEASING = YES;
				CLANG_WARN_BOOL_CONVERSION = YES;
				CLANG_WARN_COMMA = YES;
				CLANG_WARN_CONSTANT_CONVERSION = YES;
				CLANG_WARN_DEPRECATED_OBJC_IMPLEMENTATIONS = YES;
				CLANG_WARN_DIRECT_OBJC_ISA_USAGE = YES_ERROR;
				CLANG_WARN_DOCUMENTATION_COMMENTS = YES;
				CLANG_WARN_EMPTY_BODY = YES;
				CLANG_WARN_ENUM_CONVERSION = YES;
				CLANG_WARN_INFINITE_RECURSION = YES;
				CLANG_WARN_INT_CONVERSION = YES;
				CLANG_WARN_NON_LITERAL_NULL_CONVERSION = YES;
				CLANG_WARN_OBJC_IMPLICIT_RETAIN_SELF = YES;
				CLANG_WARN_OBJC_LITERAL_CONVERSION = YES;
				CLANG_WARN_OBJC_ROOT_CLASS = YES_ERROR;
				CLANG_WARN_QUOTED_INCLUDE_IN_FRAMEWORK_HEADER = YES;
				CLANG_WARN_RANGE_LOOP_ANALYSIS = YES;
				CLANG_WARN_STRICT_PROTOTYPES = YES;
				CLANG_WARN_SUSPICIOUS_MOVE = YES;
				CLANG_WARN_UNGUARDED_AVAILABILITY = YES_AGGRESSIVE;
				CLANG_WARN_UNREACHABLE_CODE = YES;
				CLANG_WARN__DUPLICATE_METHOD_MATCH = YES;
				COPY_PHASE_STRIP = NO;
				DEBUG_INFORMATION_FORMAT = dwarf;
				ENABLE_STRICT_OBJC_MSGSEND = YES;
				ENABLE_TESTABILITY = YES;
				GCC_C_LANGUAGE_STANDARD = gnu11;
				GCC_DYNAMIC_NO_PIC = NO;
				GCC_NO_COMMON_BLOCKS = YES;
				GCC_OPTIMIZATION_LEVEL = 0;
				GCC_PREPROCESSOR_DEFINITIONS = (
					"DEBUG=1",
					"$(inherited)",
				);
				GCC_WARN_64_TO_32_BIT_CONVERSION = YES;
				GCC_WARN_ABOUT_RETURN_TYPE = YES_ERROR;
				GCC_WARN_UNDECLARED_SELECTOR = YES;
				GCC_WARN_UNINITIALIZED_AUTOS = YES_AGGRESSIVE;
				GCC_WARN_UNUSED_FUNCTION = YES;
				GCC_WARN_UNUSED_VARIABLE = YES;
				IPHONEOS_DEPLOYMENT_TARGET = 16.2;
				MTL_ENABLE_DEBUG_INFO = INCLUDE_SOURCE;
				MTL_FAST_MATH = YES;
				ONLY_ACTIVE_ARCH = YES;
				SDKROOT = iphoneos;
				SWIFT_ACTIVE_COMPILATION_CONDITIONS = DEBUG;
				SWIFT_OPTIMIZATION_LEVEL = "-Onone";
			};
			name = Debug;
		};
		131AC5CA2CB9ED7E00E5CEC0 /* Release */ = {
			isa = XCBuildConfiguration;
			buildSettings = {
				ALWAYS_SEARCH_USER_PATHS = NO;
				CLANG_ANALYZER_NONNULL = YES;
				CLANG_ANALYZER_NUMBER_OBJECT_CONVERSION = YES_AGGRESSIVE;
				CLANG_CXX_LANGUAGE_STANDARD = "gnu++20";
				CLANG_ENABLE_MODULES = YES;
				CLANG_ENABLE_OBJC_ARC = YES;
				CLANG_ENABLE_OBJC_WEAK = YES;
				CLANG_WARN_BLOCK_CAPTURE_AUTORELEASING = YES;
				CLANG_WARN_BOOL_CONVERSION = YES;
				CLANG_WARN_COMMA = YES;
				CLANG_WARN_CONSTANT_CONVERSION = YES;
				CLANG_WARN_DEPRECATED_OBJC_IMPLEMENTATIONS = YES;
				CLANG_WARN_DIRECT_OBJC_ISA_USAGE = YES_ERROR;
				CLANG_WARN_DOCUMENTATION_COMMENTS = YES;
				CLANG_WARN_EMPTY_BODY = YES;
				CLANG_WARN_ENUM_CONVERSION = YES;
				CLANG_WARN_INFINITE_RECURSION = YES;
				CLANG_WARN_INT_CONVERSION = YES;
				CLANG_WARN_NON_LITERAL_NULL_CONVERSION = YES;
				CLANG_WARN_OBJC_IMPLICIT_RETAIN_SELF = YES;
				CLANG_WARN_OBJC_LITERAL_CONVERSION = YES;
				CLANG_WARN_OBJC_ROOT_CLASS = YES_ERROR;
				CLANG_WARN_QUOTED_INCLUDE_IN_FRAMEWORK_HEADER = YES;
				CLANG_WARN_RANGE_LOOP_ANALYSIS = YES;
				CLANG_WARN_STRICT_PROTOTYPES = YES;
				CLANG_WARN_SUSPICIOUS_MOVE = YES;
				CLANG_WARN_UNGUARDED_AVAILABILITY = YES_AGGRESSIVE;
				CLANG_WARN_UNREACHABLE_CODE = YES;
				CLANG_WARN__DUPLICATE_METHOD_MATCH = YES;
				COPY_PHASE_STRIP = NO;
				DEBUG_INFORMATION_FORMAT = "dwarf-with-dsym";
				ENABLE_NS_ASSERTIONS = NO;
				ENABLE_STRICT_OBJC_MSGSEND = YES;
				GCC_C_LANGUAGE_STANDARD = gnu11;
				GCC_NO_COMMON_BLOCKS = YES;
				GCC_WARN_64_TO_32_BIT_CONVERSION = YES;
				GCC_WARN_ABOUT_RETURN_TYPE = YES_ERROR;
				GCC_WARN_UNDECLARED_SELECTOR = YES;
				GCC_WARN_UNINITIALIZED_AUTOS = YES_AGGRESSIVE;
				GCC_WARN_UNUSED_FUNCTION = YES;
				GCC_WARN_UNUSED_VARIABLE = YES;
				IPHONEOS_DEPLOYMENT_TARGET = 16.2;
				MTL_ENABLE_DEBUG_INFO = NO;
				MTL_FAST_MATH = YES;
				SDKROOT = iphoneos;
				SWIFT_COMPILATION_MODE = wholemodule;
				SWIFT_OPTIMIZATION_LEVEL = "-O";
				VALIDATE_PRODUCT = YES;
			};
			name = Release;
		};
		131AC5CC2CB9ED7E00E5CEC0 /* Debug */ = {
			isa = XCBuildConfiguration;
			buildSettings = {
				ASSETCATALOG_COMPILER_APPICON_NAME = AppIcon;
				ASSETCATALOG_COMPILER_GLOBAL_ACCENT_COLOR_NAME = AccentColor;
				CODE_SIGN_STYLE = Automatic;
				CURRENT_PROJECT_VERSION = 1;
				DEVELOPMENT_ASSET_PATHS = "\"DailyStride/Preview Content\"";
				DEVELOPMENT_TEAM = T94Y3NV5X8;
				ENABLE_PREVIEWS = YES;
				GENERATE_INFOPLIST_FILE = YES;
				INFOPLIST_KEY_UIApplicationSceneManifest_Generation = YES;
				INFOPLIST_KEY_UIApplicationSupportsIndirectInputEvents = YES;
				INFOPLIST_KEY_UILaunchScreen_Generation = YES;
				INFOPLIST_KEY_UISupportedInterfaceOrientations_iPad = "UIInterfaceOrientationPortrait UIInterfaceOrientationPortraitUpsideDown UIInterfaceOrientationLandscapeLeft UIInterfaceOrientationLandscapeRight";
				INFOPLIST_KEY_UISupportedInterfaceOrientations_iPhone = "UIInterfaceOrientationPortrait UIInterfaceOrientationLandscapeLeft UIInterfaceOrientationLandscapeRight";
				LD_RUNPATH_SEARCH_PATHS = (
					"$(inherited)",
					"@executable_path/Frameworks",
				);
				MARKETING_VERSION = 1.0;
				PRODUCT_BUNDLE_IDENTIFIER = AceEzra.DailyStride;
				PRODUCT_NAME = "$(TARGET_NAME)";
				SWIFT_EMIT_LOC_STRINGS = YES;
				SWIFT_VERSION = 5.0;
				TARGETED_DEVICE_FAMILY = "1,2";
			};
			name = Debug;
		};
		131AC5CD2CB9ED7E00E5CEC0 /* Release */ = {
			isa = XCBuildConfiguration;
			buildSettings = {
				ASSETCATALOG_COMPILER_APPICON_NAME = AppIcon;
				ASSETCATALOG_COMPILER_GLOBAL_ACCENT_COLOR_NAME = AccentColor;
				CODE_SIGN_STYLE = Automatic;
				CURRENT_PROJECT_VERSION = 1;
				DEVELOPMENT_ASSET_PATHS = "\"DailyStride/Preview Content\"";
				DEVELOPMENT_TEAM = T94Y3NV5X8;
				ENABLE_PREVIEWS = YES;
				GENERATE_INFOPLIST_FILE = YES;
				INFOPLIST_KEY_UIApplicationSceneManifest_Generation = YES;
				INFOPLIST_KEY_UIApplicationSupportsIndirectInputEvents = YES;
				INFOPLIST_KEY_UILaunchScreen_Generation = YES;
				INFOPLIST_KEY_UISupportedInterfaceOrientations_iPad = "UIInterfaceOrientationPortrait UIInterfaceOrientationPortraitUpsideDown UIInterfaceOrientationLandscapeLeft UIInterfaceOrientationLandscapeRight";
				INFOPLIST_KEY_UISupportedInterfaceOrientations_iPhone = "UIInterfaceOrientationPortrait UIInterfaceOrientationLandscapeLeft UIInterfaceOrientationLandscapeRight";
				LD_RUNPATH_SEARCH_PATHS = (
					"$(inherited)",
					"@executable_path/Frameworks",
				);
				MARKETING_VERSION = 1.0;
				PRODUCT_BUNDLE_IDENTIFIER = AceEzra.DailyStride;
				PRODUCT_NAME = "$(TARGET_NAME)";
				SWIFT_EMIT_LOC_STRINGS = YES;
				SWIFT_VERSION = 5.0;
				TARGETED_DEVICE_FAMILY = "1,2";
			};
			name = Release;
		};
/* End XCBuildConfiguration section */

/* Begin XCConfigurationList section */
		131AC5B82CB9ED7B00E5CEC0 /* Build configuration list for PBXProject "DailyStride" */ = {
			isa = XCConfigurationList;
			buildConfigurations = (
				131AC5C92CB9ED7E00E5CEC0 /* Debug */,
				131AC5CA2CB9ED7E00E5CEC0 /* Release */,
			);
			defaultConfigurationIsVisible = 0;
			defaultConfigurationName = Release;
		};
		131AC5CB2CB9ED7E00E5CEC0 /* Build configuration list for PBXNativeTarget "DailyStride" */ = {
			isa = XCConfigurationList;
			buildConfigurations = (
				131AC5CC2CB9ED7E00E5CEC0 /* Debug */,
				131AC5CD2CB9ED7E00E5CEC0 /* Release */,
			);
			defaultConfigurationIsVisible = 0;
			defaultConfigurationName = Release;
		};
/* End XCConfigurationList section */
	};
	rootObject = 131AC5B52CB9ED7B00E5CEC0 /* Project object */;
}
